
Microsoft Visual Studio Solution File, Format Version 12.00
# Visual Studio Version 17
VisualStudioVersion = 17.7.34202.233
MinimumVisualStudioVersion = 10.0.40219.1
Project("{9A19103F-16F7-4668-BE54-9A1E7A4F7556}") = "WpfApp2", "WpfApp2\WpfApp2.csproj", "{84BDB9FA-D833-4F25-9418-DD8918CCB0E1}"
EndProject
Project("{FAE04EC0-301F-11D3-BF4B-00C04F79EFBC}") = "WpfApp1", "WpfApp1\WpfApp1.csproj", "{4F22E30B-873E-4DFF-A97A-3545A6D0CF53}"
EndProject
Global
	GlobalSection(SolutionConfigurationPlatforms) = preSolution
		Debug|Any CPU = Debug|Any CPU
		Release|Any CPU = Release|Any CPU
	EndGlobalSection
	GlobalSection(ProjectConfigurationPlatforms) = postSolution
		{84BDB9FA-D833-4F25-9418-DD8918CCB0E1}.Debug|Any CPU.ActiveCfg = Debug|Any CPU
		{84BDB9FA-D833-4F25-9418-DD8918CCB0E1}.Debug|Any CPU.Build.0 = Debug|Any CPU
		{84BDB9FA-D833-4F25-9418-DD8918CCB0E1}.Release|Any CPU.ActiveCfg = Release|Any CPU
		{84BDB9FA-D833-4F25-9418-DD8918CCB0E1}.Release|Any CPU.Build.0 = Release|Any CPU
		{4F22E30B-873E-4DFF-A97A-3545A6D0CF53}.Debug|Any CPU.ActiveCfg = Debug|Any CPU
		{4F22E30B-873E-4DFF-A97A-3545A6D0CF53}.Debug|Any CPU.Build.0 = Debug|Any CPU
		{4F22E30B-873E-4DFF-A97A-3545A6D0CF53}.Release|Any CPU.ActiveCfg = Release|Any CPU
		{4F22E30B-873E-4DFF-A97A-3545A6D0CF53}.Release|Any CPU.Build.0 = Release|Any CPU
	EndGlobalSection
	GlobalSection(SolutionProperties) = preSolution
		HideSolutionNode = FALSE
	EndGlobalSection
	GlobalSection(ExtensibilityGlobals) = postSolution
		SolutionGuid = {72365F6F-75F3-4239-A3ED-5A35CC02BFC5}
	EndGlobalSection
EndGlobal
